
Microsoft Visual Studio Solution File, Format Version 12.00
# Visual Studio Version 17
VisualStudioVersion = 17.0.32112.339
MinimumVisualStudioVersion = 10.0.40219.1
Project("{FAE04EC0-301F-11D3-BF4B-00C04F79EFBC}") = "IndusValleyCivilizationWrittingSystem", "IndusValleyCivilizationWrittingSystem\IndusValleyCivilizationWrittingSystem.csproj", "{680FC9B9-48D9-4306-B669-D6ECB72DF32A}"
EndProject
Global
	GlobalSection(SolutionConfigurationPlatforms) = preSolution
		Debug|Any CPU = Debug|Any CPU
		Release|Any CPU = Release|Any CPU
	EndGlobalSection
	GlobalSection(ProjectConfigurationPlatforms) = postSolution
		{680FC9B9-48D9-4306-B669-D6ECB72DF32A}.Debug|Any CPU.ActiveCfg = Debug|Any CPU
		{680FC9B9-48D9-4306-B669-D6ECB72DF32A}.Debug|Any CPU.Build.0 = Debug|Any CPU
		{680FC9B9-48D9-4306-B669-D6ECB72DF32A}.Release|Any CPU.ActiveCfg = Release|Any CPU
		{680FC9B9-48D9-4306-B669-D6ECB72DF32A}.Release|Any CPU.Build.0 = Release|Any CPU
	EndGlobalSection
	GlobalSection(SolutionProperties) = preSolution
		HideSolutionNode = FALSE
	EndGlobalSection
	GlobalSection(ExtensibilityGlobals) = postSolution
		SolutionGuid = {4092657E-7C06-4A9D-8868-46F3B8A7A09E}
	EndGlobalSection
EndGlobal
